
Microsoft Visual Studio Solution File, Format Version 12.00
# Visual Studio Version 16
VisualStudioVersion = 16.0.30320.27
MinimumVisualStudioVersion = 10.0.40219.1
Project("{FAE04EC0-301F-11D3-BF4B-00C04F79EFBC}") = "salonUchkin", "salonUchkin\salonUchkin.csproj", "{009D151E-5029-4B9A-94F1-388B80EAD071}"
EndProject
Global
	GlobalSection(SolutionConfigurationPlatforms) = preSolution
		Debug|Any CPU = Debug|Any CPU
		Release|Any CPU = Release|Any CPU
	EndGlobalSection
	GlobalSection(ProjectConfigurationPlatforms) = postSolution
		{009D151E-5029-4B9A-94F1-388B80EAD071}.Debug|Any CPU.ActiveCfg = Debug|Any CPU
		{009D151E-5029-4B9A-94F1-388B80EAD071}.Debug|Any CPU.Build.0 = Debug|Any CPU
		{009D151E-5029-4B9A-94F1-388B80EAD071}.Release|Any CPU.ActiveCfg = Release|Any CPU
		{009D151E-5029-4B9A-94F1-388B80EAD071}.Release|Any CPU.Build.0 = Release|Any CPU
	EndGlobalSection
	GlobalSection(SolutionProperties) = preSolution
		HideSolutionNode = FALSE
	EndGlobalSection
	GlobalSection(ExtensibilityGlobals) = postSolution
		SolutionGuid = {DC23D103-06E5-46AD-8F80-5CF84190A9EF}
	EndGlobalSection
EndGlobal
